// !$*UTF8*$!
{
	archiveVersion = 1;
	classes = {
	};
	objectVersion = 50;
	objects = {

/* Begin PBXBuildFile section */
		380931222289DE8F00BE5695 /* HomeViewDelegate.swift in Sources */ = {isa = PBXBuildFile; fileRef = 380931212289DE8F00BE5695 /* HomeViewDelegate.swift */; };
		380931242289DEA400BE5695 /* HomePresenter.swift in Sources */ = {isa = PBXBuildFile; fileRef = 380931232289DEA400BE5695 /* HomePresenter.swift */; };
		380931282289DF3000BE5695 /* HomeViewController_ExtensionDelegate.swift in Sources */ = {isa = PBXBuildFile; fileRef = 380931272289DF3000BE5695 /* HomeViewController_ExtensionDelegate.swift */; };
		3809312A2289DF7F00BE5695 /* MovieDetailsPresenter.swift in Sources */ = {isa = PBXBuildFile; fileRef = 380931292289DF7F00BE5695 /* MovieDetailsPresenter.swift */; };
		3809312C2289DF9500BE5695 /* MovieDetailsPresenterDelegate.swift in Sources */ = {isa = PBXBuildFile; fileRef = 3809312B2289DF9500BE5695 /* MovieDetailsPresenterDelegate.swift */; };
		380931322289E07100BE5695 /* HomeViewController.swift in Sources */ = {isa = PBXBuildFile; fileRef = 380931312289E07100BE5695 /* HomeViewController.swift */; };
		380931342289E0F900BE5695 /* MovieDetailsViewController.swift in Sources */ = {isa = PBXBuildFile; fileRef = 380931332289E0F900BE5695 /* MovieDetailsViewController.swift */; };
		380931362289E2C300BE5695 /* MovieDetailsViewController_ExtensionDelegate.swift in Sources */ = {isa = PBXBuildFile; fileRef = 380931352289E2C300BE5695 /* MovieDetailsViewController_ExtensionDelegate.swift */; };
		382DB5A622938A600078BFEB /* namelog.png in Resources */ = {isa = PBXBuildFile; fileRef = 382DB5A422938A5C0078BFEB /* namelog.png */; };
		382DB5A722938A600078BFEB /* moviesLogo.png in Resources */ = {isa = PBXBuildFile; fileRef = 382DB5A522938A5E0078BFEB /* moviesLogo.png */; };
		382DB5A922938A830078BFEB /* LaunchScreenViewController.swift in Sources */ = {isa = PBXBuildFile; fileRef = 382DB5A822938A830078BFEB /* LaunchScreenViewController.swift */; };
		382DD38D228DC31B00CC4C82 /* JsonRetrievingUsingAlamofire.swift in Sources */ = {isa = PBXBuildFile; fileRef = 382DD38C228DC31B00CC4C82 /* JsonRetrievingUsingAlamofire.swift */; };
		382DD391228DC4A200CC4C82 /* JsonRetrievingUsingAlamofireDelegate.swift in Sources */ = {isa = PBXBuildFile; fileRef = 382DD390228DC4A200CC4C82 /* JsonRetrievingUsingAlamofireDelegate.swift */; };
		3853ADCE22918B49009C8736 /* CoreDataAccess.swift in Sources */ = {isa = PBXBuildFile; fileRef = 3853ADCD22918B49009C8736 /* CoreDataAccess.swift */; };
		3853ADD222918BBA009C8736 /* CoreDataAccessDelegate.swift in Sources */ = {isa = PBXBuildFile; fileRef = 3853ADD122918BBA009C8736 /* CoreDataAccessDelegate.swift */; };
		385813CB2289B63800E06AAE /* AppDelegate.swift in Sources */ = {isa = PBXBuildFile; fileRef = 385813CA2289B63800E06AAE /* AppDelegate.swift */; };
		385813D02289B63800E06AAE /* Main.storyboard in Resources */ = {isa = PBXBuildFile; fileRef = 385813CE2289B63800E06AAE /* Main.storyboard */; };
		385813D32289B63800E06AAE /* MyMovies.xcdatamodeld in Sources */ = {isa = PBXBuildFile; fileRef = 385813D12289B63800E06AAE /* MyMovies.xcdatamodeld */; };
		385813D52289B64800E06AAE /* Assets.xcassets in Resources */ = {isa = PBXBuildFile; fileRef = 385813D42289B64800E06AAE /* Assets.xcassets */; };
		385813D82289B64800E06AAE /* LaunchScreen.storyboard in Resources */ = {isa = PBXBuildFile; fileRef = 385813D62289B64800E06AAE /* LaunchScreen.storyboard */; };
		385813E12289B71600E06AAE /* Movie.swift in Sources */ = {isa = PBXBuildFile; fileRef = 385813E02289B71600E06AAE /* Movie.swift */; };
		38719F17228ECF5D0071DF2F /* HomePresneterDelegate.swift in Sources */ = {isa = PBXBuildFile; fileRef = 38719F16228ECF5D0071DF2F /* HomePresneterDelegate.swift */; };
		389FCB06228DA70E004BCC8C /* HomeCollectionViewCell.swift in Sources */ = {isa = PBXBuildFile; fileRef = 389FCB05228DA70E004BCC8C /* HomeCollectionViewCell.swift */; };
		38E65763228B244B005A1366 /* iconForHome.png in Resources */ = {isa = PBXBuildFile; fileRef = 38E65762228B244B005A1366 /* iconForHome.png */; };
		438AC6042292B69300D40BBD /* Trailer.swift in Sources */ = {isa = PBXBuildFile; fileRef = 438AC6032292B69300D40BBD /* Trailer.swift */; };
		438AC6082292D00400D40BBD /* MovieTableViewCell.swift in Sources */ = {isa = PBXBuildFile; fileRef = 438AC6072292D00400D40BBD /* MovieTableViewCell.swift */; };
		43D2FD352292095B00846031 /* MovieDetailsViewDelegate.swift in Sources */ = {isa = PBXBuildFile; fileRef = 43D2FD342292095B00846031 /* MovieDetailsViewDelegate.swift */; };
		8E787CA7AA7A7B2E96F05E2A /* Pods_MyMovies.framework in Frameworks */ = {isa = PBXBuildFile; fileRef = 0FCC1DE470CD69E6D1D33AED /* Pods_MyMovies.framework */; };
/* End PBXBuildFile section */

/* Begin PBXFileReference section */
		0FCC1DE470CD69E6D1D33AED /* Pods_MyMovies.framework */ = {isa = PBXFileReference; explicitFileType = wrapper.framework; includeInIndex = 0; path = Pods_MyMovies.framework; sourceTree = BUILT_PRODUCTS_DIR; };
		380931212289DE8F00BE5695 /* HomeViewDelegate.swift */ = {isa = PBXFileReference; lastKnownFileType = sourcecode.swift; path = HomeViewDelegate.swift; sourceTree = "<group>"; };
		380931232289DEA400BE5695 /* HomePresenter.swift */ = {isa = PBXFileReference; lastKnownFileType = sourcecode.swift; path = HomePresenter.swift; sourceTree = "<group>"; };
		380931272289DF3000BE5695 /* HomeViewController_ExtensionDelegate.swift */ = {isa = PBXFileReference; lastKnownFileType = sourcecode.swift; path = HomeViewController_ExtensionDelegate.swift; sourceTree = "<group>"; };
		380931292289DF7F00BE5695 /* MovieDetailsPresenter.swift */ = {isa = PBXFileReference; lastKnownFileType = sourcecode.swift; path = MovieDetailsPresenter.swift; sourceTree = "<group>"; };
		3809312B2289DF9500BE5695 /* MovieDetailsPresenterDelegate.swift */ = {isa = PBXFileReference; lastKnownFileType = sourcecode.swift; path = MovieDetailsPresenterDelegate.swift; sourceTree = "<group>"; };
		380931312289E07100BE5695 /* HomeViewController.swift */ = {isa = PBXFileReference; lastKnownFileType = sourcecode.swift; path = HomeViewController.swift; sourceTree = "<group>"; };
		380931332289E0F900BE5695 /* MovieDetailsViewController.swift */ = {isa = PBXFileReference; lastKnownFileType = sourcecode.swift; path = MovieDetailsViewController.swift; sourceTree = "<group>"; };
		380931352289E2C300BE5695 /* MovieDetailsViewController_ExtensionDelegate.swift */ = {isa = PBXFileReference; lastKnownFileType = sourcecode.swift; path = MovieDetailsViewController_ExtensionDelegate.swift; sourceTree = "<group>"; };
		382DB5A422938A5C0078BFEB /* namelog.png */ = {isa = PBXFileReference; lastKnownFileType = image.png; path = namelog.png; sourceTree = "<group>"; };
		382DB5A522938A5E0078BFEB /* moviesLogo.png */ = {isa = PBXFileReference; lastKnownFileType = image.png; path = moviesLogo.png; sourceTree = "<group>"; };
		382DB5A822938A830078BFEB /* LaunchScreenViewController.swift */ = {isa = PBXFileReference; fileEncoding = 4; lastKnownFileType = sourcecode.swift; path = LaunchScreenViewController.swift; sourceTree = "<group>"; };
		382DD38C228DC31B00CC4C82 /* JsonRetrievingUsingAlamofire.swift */ = {isa = PBXFileReference; lastKnownFileType = sourcecode.swift; path = JsonRetrievingUsingAlamofire.swift; sourceTree = "<group>"; };
		382DD390228DC4A200CC4C82 /* JsonRetrievingUsingAlamofireDelegate.swift */ = {isa = PBXFileReference; lastKnownFileType = sourcecode.swift; path = JsonRetrievingUsingAlamofireDelegate.swift; sourceTree = "<group>"; };
		3853ADCD22918B49009C8736 /* CoreDataAccess.swift */ = {isa = PBXFileReference; lastKnownFileType = sourcecode.swift; path = CoreDataAccess.swift; sourceTree = "<group>"; };
		3853ADD122918BBA009C8736 /* CoreDataAccessDelegate.swift */ = {isa = PBXFileReference; lastKnownFileType = sourcecode.swift; path = CoreDataAccessDelegate.swift; sourceTree = "<group>"; };
		385813C72289B63800E06AAE /* MyMovies.app */ = {isa = PBXFileReference; explicitFileType = wrapper.application; includeInIndex = 0; path = MyMovies.app; sourceTree = BUILT_PRODUCTS_DIR; };
		385813CA2289B63800E06AAE /* AppDelegate.swift */ = {isa = PBXFileReference; lastKnownFileType = sourcecode.swift; path = AppDelegate.swift; sourceTree = "<group>"; };
		385813CF2289B63800E06AAE /* Base */ = {isa = PBXFileReference; lastKnownFileType = file.storyboard; name = Base; path = Base.lproj/Main.storyboard; sourceTree = "<group>"; };
		385813D22289B63800E06AAE /* MyMovies.xcdatamodel */ = {isa = PBXFileReference; lastKnownFileType = wrapper.xcdatamodel; path = MyMovies.xcdatamodel; sourceTree = "<group>"; };
		385813D42289B64800E06AAE /* Assets.xcassets */ = {isa = PBXFileReference; lastKnownFileType = folder.assetcatalog; path = Assets.xcassets; sourceTree = "<group>"; };
		385813D72289B64800E06AAE /* Base */ = {isa = PBXFileReference; lastKnownFileType = file.storyboard; name = Base; path = Base.lproj/LaunchScreen.storyboard; sourceTree = "<group>"; };
		385813D92289B64800E06AAE /* Info.plist */ = {isa = PBXFileReference; lastKnownFileType = text.plist.xml; path = Info.plist; sourceTree = "<group>"; };
		385813E02289B71600E06AAE /* Movie.swift */ = {isa = PBXFileReference; lastKnownFileType = sourcecode.swift; path = Movie.swift; sourceTree = "<group>"; };
		38719F16228ECF5D0071DF2F /* HomePresneterDelegate.swift */ = {isa = PBXFileReference; lastKnownFileType = sourcecode.swift; path = HomePresneterDelegate.swift; sourceTree = "<group>"; };
		389FCB05228DA70E004BCC8C /* HomeCollectionViewCell.swift */ = {isa = PBXFileReference; lastKnownFileType = sourcecode.swift; path = HomeCollectionViewCell.swift; sourceTree = "<group>"; };
		38E65762228B244B005A1366 /* iconForHome.png */ = {isa = PBXFileReference; lastKnownFileType = image.png; path = iconForHome.png; sourceTree = "<group>"; };
		438AC6032292B69300D40BBD /* Trailer.swift */ = {isa = PBXFileReference; lastKnownFileType = sourcecode.swift; path = Trailer.swift; sourceTree = "<group>"; };
		438AC6072292D00400D40BBD /* MovieTableViewCell.swift */ = {isa = PBXFileReference; lastKnownFileType = sourcecode.swift; path = MovieTableViewCell.swift; sourceTree = "<group>"; };
		43D2FD342292095B00846031 /* MovieDetailsViewDelegate.swift */ = {isa = PBXFileReference; lastKnownFileType = sourcecode.swift; path = MovieDetailsViewDelegate.swift; sourceTree = "<group>"; };
		923DB951881AA3F36F202F7B /* Pods-MyMovies.debug.xcconfig */ = {isa = PBXFileReference; includeInIndex = 1; lastKnownFileType = text.xcconfig; name = "Pods-MyMovies.debug.xcconfig"; path = "Pods/Target Support Files/Pods-MyMovies/Pods-MyMovies.debug.xcconfig"; sourceTree = "<group>"; };
		EC0051132E487DDCCF63CB50 /* Pods-MyMovies.release.xcconfig */ = {isa = PBXFileReference; includeInIndex = 1; lastKnownFileType = text.xcconfig; name = "Pods-MyMovies.release.xcconfig"; path = "Pods/Target Support Files/Pods-MyMovies/Pods-MyMovies.release.xcconfig"; sourceTree = "<group>"; };
/* End PBXFileReference section */

/* Begin PBXFrameworksBuildPhase section */
		385813C42289B63800E06AAE /* Frameworks */ = {
			isa = PBXFrameworksBuildPhase;
			buildActionMask = 2147483647;
			files = (
				8E787CA7AA7A7B2E96F05E2A /* Pods_MyMovies.framework in Frameworks */,
			);
			runOnlyForDeploymentPostprocessing = 0;
		};
/* End PBXFrameworksBuildPhase section */

/* Begin PBXGroup section */
		35B09EA5704E39E780A2DF52 /* Pods */ = {
			isa = PBXGroup;
			children = (
				923DB951881AA3F36F202F7B /* Pods-MyMovies.debug.xcconfig */,
				EC0051132E487DDCCF63CB50 /* Pods-MyMovies.release.xcconfig */,
			);
			name = Pods;
			sourceTree = "<group>";
		};
		382DD38E228DC38100CC4C82 /* NetworkingProtocols */ = {
			isa = PBXGroup;
			children = (
				382DD390228DC4A200CC4C82 /* JsonRetrievingUsingAlamofireDelegate.swift */,
			);
			path = NetworkingProtocols;
			sourceTree = "<group>";
		};
		382DD38F228DC38E00CC4C82 /* NetworkingClasses */ = {
			isa = PBXGroup;
			children = (
				382DD38C228DC31B00CC4C82 /* JsonRetrievingUsingAlamofire.swift */,
			);
			path = NetworkingClasses;
			sourceTree = "<group>";
		};
		3853ADCF22918B5E009C8736 /* CoreDataAccessClasses */ = {
			isa = PBXGroup;
			children = (
				3853ADCD22918B49009C8736 /* CoreDataAccess.swift */,
			);
			path = CoreDataAccessClasses;
			sourceTree = "<group>";
		};
		3853ADD022918B84009C8736 /* CoreDataAccessProtocols */ = {
			isa = PBXGroup;
			children = (
				3853ADD122918BBA009C8736 /* CoreDataAccessDelegate.swift */,
			);
			path = CoreDataAccessProtocols;
			sourceTree = "<group>";
		};
		385813BE2289B63700E06AAE = {
			isa = PBXGroup;
			children = (
				385813C92289B63800E06AAE /* MyMovies */,
				385813C82289B63800E06AAE /* Products */,
				35B09EA5704E39E780A2DF52 /* Pods */,
				D9A38B288EAA6D22520B24F2 /* Frameworks */,
			);
			sourceTree = "<group>";
		};
		385813C82289B63800E06AAE /* Products */ = {
			isa = PBXGroup;
			children = (
				385813C72289B63800E06AAE /* MyMovies.app */,
			);
			name = Products;
			sourceTree = "<group>";
		};
		385813C92289B63800E06AAE /* MyMovies */ = {
			isa = PBXGroup;
			children = (
				385813EB2289B7F400E06AAE /* Services */,
				385813E22289B71F00E06AAE /* Screens */,
				385813DF2289B69700E06AAE /* Model */,
				385813CA2289B63800E06AAE /* AppDelegate.swift */,
				385813CE2289B63800E06AAE /* Main.storyboard */,
				385813D42289B64800E06AAE /* Assets.xcassets */,
				385813D62289B64800E06AAE /* LaunchScreen.storyboard */,
				38E65762228B244B005A1366 /* iconForHome.png */,
				382DB5A522938A5E0078BFEB /* moviesLogo.png */,
				382DB5A822938A830078BFEB /* LaunchScreenViewController.swift */,
				382DB5A422938A5C0078BFEB /* namelog.png */,
				385813D92289B64800E06AAE /* Info.plist */,
				385813D12289B63800E06AAE /* MyMovies.xcdatamodeld */,
			);
			path = MyMovies;
			sourceTree = "<group>";
		};
		385813DF2289B69700E06AAE /* Model */ = {
			isa = PBXGroup;
			children = (
				385813E02289B71600E06AAE /* Movie.swift */,
				438AC6032292B69300D40BBD /* Trailer.swift */,
			);
			path = Model;
			sourceTree = "<group>";
		};
		385813E22289B71F00E06AAE /* Screens */ = {
			isa = PBXGroup;
			children = (
				385813E72289B7AE00E06AAE /* MovieDetails */,
				385813E32289B74B00E06AAE /* Home */,
			);
			path = Screens;
			sourceTree = "<group>";
		};
		385813E32289B74B00E06AAE /* Home */ = {
			isa = PBXGroup;
			children = (
				385813E62289B7A400E06AAE /* Protocols */,
				385813E52289B78C00E06AAE /* View */,
				385813E42289B77A00E06AAE /* Presenter */,
			);
			path = Home;
			sourceTree = "<group>";
		};
		385813E42289B77A00E06AAE /* Presenter */ = {
			isa = PBXGroup;
			children = (
				380931232289DEA400BE5695 /* HomePresenter.swift */,
			);
			path = Presenter;
			sourceTree = "<group>";
		};
		385813E52289B78C00E06AAE /* View */ = {
			isa = PBXGroup;
			children = (
				380931272289DF3000BE5695 /* HomeViewController_ExtensionDelegate.swift */,
				380931312289E07100BE5695 /* HomeViewController.swift */,
				389FCB05228DA70E004BCC8C /* HomeCollectionViewCell.swift */,
			);
			path = View;
			sourceTree = "<group>";
		};
		385813E62289B7A400E06AAE /* Protocols */ = {
			isa = PBXGroup;
			children = (
				380931212289DE8F00BE5695 /* HomeViewDelegate.swift */,
				38719F16228ECF5D0071DF2F /* HomePresneterDelegate.swift */,
			);
			path = Protocols;
			sourceTree = "<group>";
		};
		385813E72289B7AE00E06AAE /* MovieDetails */ = {
			isa = PBXGroup;
			children = (
				385813EA2289B7CD00E06AAE /* Presenter */,
				385813E92289B7C500E06AAE /* Protocols */,
				385813E82289B7BE00E06AAE /* View */,
			);
			path = MovieDetails;
			sourceTree = "<group>";
		};
		385813E82289B7BE00E06AAE /* View */ = {
			isa = PBXGroup;
			children = (
				380931332289E0F900BE5695 /* MovieDetailsViewController.swift */,
				380931352289E2C300BE5695 /* MovieDetailsViewController_ExtensionDelegate.swift */,
				438AC6072292D00400D40BBD /* MovieTableViewCell.swift */,
			);
			path = View;
			sourceTree = "<group>";
		};
		385813E92289B7C500E06AAE /* Protocols */ = {
			isa = PBXGroup;
			children = (
				3809312B2289DF9500BE5695 /* MovieDetailsPresenterDelegate.swift */,
				43D2FD342292095B00846031 /* MovieDetailsViewDelegate.swift */,
			);
			path = Protocols;
			sourceTree = "<group>";
		};
		385813EA2289B7CD00E06AAE /* Presenter */ = {
			isa = PBXGroup;
			children = (
				380931292289DF7F00BE5695 /* MovieDetailsPresenter.swift */,
			);
			path = Presenter;
			sourceTree = "<group>";
		};
		385813EB2289B7F400E06AAE /* Services */ = {
			isa = PBXGroup;
			children = (
				385813ED2289B80800E06AAE /* CoreDataAccess */,
				385813EC2289B80100E06AAE /* Networking */,
			);
			path = Services;
			sourceTree = "<group>";
		};
		385813EC2289B80100E06AAE /* Networking */ = {
			isa = PBXGroup;
			children = (
				382DD38F228DC38E00CC4C82 /* NetworkingClasses */,
				382DD38E228DC38100CC4C82 /* NetworkingProtocols */,
			);
			path = Networking;
			sourceTree = "<group>";
		};
		385813ED2289B80800E06AAE /* CoreDataAccess */ = {
			isa = PBXGroup;
			children = (
				3853ADD022918B84009C8736 /* CoreDataAccessProtocols */,
				3853ADCF22918B5E009C8736 /* CoreDataAccessClasses */,
			);
			path = CoreDataAccess;
			sourceTree = "<group>";
		};
		D9A38B288EAA6D22520B24F2 /* Frameworks */ = {
			isa = PBXGroup;
			children = (
				0FCC1DE470CD69E6D1D33AED /* Pods_MyMovies.framework */,
			);
			name = Frameworks;
			sourceTree = "<group>";
		};
/* End PBXGroup section */

/* Begin PBXNativeTarget section */
		385813C62289B63800E06AAE /* MyMovies */ = {
			isa = PBXNativeTarget;
			buildConfigurationList = 385813DC2289B64800E06AAE /* Build configuration list for PBXNativeTarget "MyMovies" */;
			buildPhases = (
				FEA7761211B4E53A61CAAFFE /* [CP] Check Pods Manifest.lock */,
				385813C32289B63800E06AAE /* Sources */,
				385813C42289B63800E06AAE /* Frameworks */,
				385813C52289B63800E06AAE /* Resources */,
				F3DFA57D23EF9F25BD4B8F91 /* [CP] Embed Pods Frameworks */,
			);
			buildRules = (
			);
			dependencies = (
			);
			name = MyMovies;
			productName = MyMovies;
			productReference = 385813C72289B63800E06AAE /* MyMovies.app */;
			productType = "com.apple.product-type.application";
		};
/* End PBXNativeTarget section */

/* Begin PBXProject section */
		385813BF2289B63700E06AAE /* Project object */ = {
			isa = PBXProject;
			attributes = {
				LastSwiftUpdateCheck = 0930;
				LastUpgradeCheck = 0930;
				ORGANIZATIONNAME = AyaAndSalma;
				TargetAttributes = {
					385813C62289B63800E06AAE = {
						CreatedOnToolsVersion = 9.3;
					};
				};
			};
			buildConfigurationList = 385813C22289B63700E06AAE /* Build configuration list for PBXProject "MyMovies" */;
			compatibilityVersion = "Xcode 9.3";
			developmentRegion = en;
			hasScannedForEncodings = 0;
			knownRegions = (
				en,
				Base,
			);
			mainGroup = 385813BE2289B63700E06AAE;
			productRefGroup = 385813C82289B63800E06AAE /* Products */;
			projectDirPath = "";
			projectRoot = "";
			targets = (
				385813C62289B63800E06AAE /* MyMovies */,
			);
		};
/* End PBXProject section */

/* Begin PBXResourcesBuildPhase section */
		385813C52289B63800E06AAE /* Resources */ = {
			isa = PBXResourcesBuildPhase;
			buildActionMask = 2147483647;
			files = (
				385813D82289B64800E06AAE /* LaunchScreen.storyboard in Resources */,
				382DB5A722938A600078BFEB /* moviesLogo.png in Resources */,
				38E65763228B244B005A1366 /* iconForHome.png in Resources */,
				385813D52289B64800E06AAE /* Assets.xcassets in Resources */,
				382DB5A622938A600078BFEB /* namelog.png in Resources */,
				385813D02289B63800E06AAE /* Main.storyboard in Resources */,
			);
			runOnlyForDeploymentPostprocessing = 0;
		};
/* End PBXResourcesBuildPhase section */

/* Begin PBXShellScriptBuildPhase section */
		F3DFA57D23EF9F25BD4B8F91 /* [CP] Embed Pods Frameworks */ = {
			isa = PBXShellScriptBuildPhase;
			buildActionMask = 2147483647;
			files = (
			);
			inputPaths = (
				"${SRCROOT}/Pods/Target Support Files/Pods-MyMovies/Pods-MyMovies-frameworks.sh",
				"${BUILT_PRODUCTS_DIR}/Alamofire/Alamofire.framework",
				"${BUILT_PRODUCTS_DIR}/SDWebImage/SDWebImage.framework",
				"${BUILT_PRODUCTS_DIR}/SwiftyJSON/SwiftyJSON.framework",
			);
			name = "[CP] Embed Pods Frameworks";
			outputPaths = (
				"${TARGET_BUILD_DIR}/${FRAMEWORKS_FOLDER_PATH}/Alamofire.framework",
				"${TARGET_BUILD_DIR}/${FRAMEWORKS_FOLDER_PATH}/SDWebImage.framework",
				"${TARGET_BUILD_DIR}/${FRAMEWORKS_FOLDER_PATH}/SwiftyJSON.framework",
			);
			runOnlyForDeploymentPostprocessing = 0;
			shellPath = /bin/sh;
			shellScript = "\"${SRCROOT}/Pods/Target Support Files/Pods-MyMovies/Pods-MyMovies-frameworks.sh\"\n";
			showEnvVarsInLog = 0;
		};
		FEA7761211B4E53A61CAAFFE /* [CP] Check Pods Manifest.lock */ = {
			isa = PBXShellScriptBuildPhase;
			buildActionMask = 2147483647;
			files = (
			);
			inputPaths = (
				"${PODS_PODFILE_DIR_PATH}/Podfile.lock",
				"${PODS_ROOT}/Manifest.lock",
			);
			name = "[CP] Check Pods Manifest.lock";
			outputPaths = (
				"$(DERIVED_FILE_DIR)/Pods-MyMovies-checkManifestLockResult.txt",
			);
			runOnlyForDeploymentPostprocessing = 0;
			shellPath = /bin/sh;
			shellScript = "diff \"${PODS_PODFILE_DIR_PATH}/Podfile.lock\" \"${PODS_ROOT}/Manifest.lock\" > /dev/null\nif [ $? != 0 ] ; then\n    # print error to STDERR\n    echo \"error: The sandbox is not in sync with the Podfile.lock. Run 'pod install' or update your CocoaPods installation.\" >&2\n    exit 1\nfi\n# This output is used by Xcode 'outputs' to avoid re-running this script phase.\necho \"SUCCESS\" > \"${SCRIPT_OUTPUT_FILE_0}\"\n";
			showEnvVarsInLog = 0;
		};
/* End PBXShellScriptBuildPhase section */

/* Begin PBXSourcesBuildPhase section */
		385813C32289B63800E06AAE /* Sources */ = {
			isa = PBXSourcesBuildPhase;
			buildActionMask = 2147483647;
			files = (
				3809312C2289DF9500BE5695 /* MovieDetailsPresenterDelegate.swift in Sources */,
				385813D32289B63800E06AAE /* MyMovies.xcdatamodeld in Sources */,
				3853ADD222918BBA009C8736 /* CoreDataAccessDelegate.swift in Sources */,
				380931222289DE8F00BE5695 /* HomeViewDelegate.swift in Sources */,
				380931282289DF3000BE5695 /* HomeViewController_ExtensionDelegate.swift in Sources */,
				3853ADCE22918B49009C8736 /* CoreDataAccess.swift in Sources */,
				380931342289E0F900BE5695 /* MovieDetailsViewController.swift in Sources */,
				43D2FD352292095B00846031 /* MovieDetailsViewDelegate.swift in Sources */,
				380931362289E2C300BE5695 /* MovieDetailsViewController_ExtensionDelegate.swift in Sources */,
				385813E12289B71600E06AAE /* Movie.swift in Sources */,
				438AC6082292D00400D40BBD /* MovieTableViewCell.swift in Sources */,
				380931322289E07100BE5695 /* HomeViewController.swift in Sources */,
				3809312A2289DF7F00BE5695 /* MovieDetailsPresenter.swift in Sources */,
				382DB5A922938A830078BFEB /* LaunchScreenViewController.swift in Sources */,
				38719F17228ECF5D0071DF2F /* HomePresneterDelegate.swift in Sources */,
				380931242289DEA400BE5695 /* HomePresenter.swift in Sources */,
				382DD38D228DC31B00CC4C82 /* JsonRetrievingUsingAlamofire.swift in Sources */,
				385813CB2289B63800E06AAE /* AppDelegate.swift in Sources */,
				438AC6042292B69300D40BBD /* Trailer.swift in Sources */,
				389FCB06228DA70E004BCC8C /* HomeCollectionViewCell.swift in Sources */,
				382DD391228DC4A200CC4C82 /* JsonRetrievingUsingAlamofireDelegate.swift in Sources */,
			);
			runOnlyForDeploymentPostprocessing = 0;
		};
/* End PBXSourcesBuildPhase section */

/* Begin PBXVariantGroup section */
		385813CE2289B63800E06AAE /* Main.storyboard */ = {
			isa = PBXVariantGroup;
			children = (
				385813CF2289B63800E06AAE /* Base */,
			);
			name = Main.storyboard;
			sourceTree = "<group>";
		};
		385813D62289B64800E06AAE /* LaunchScreen.storyboard */ = {
			isa = PBXVariantGroup;
			children = (
				385813D72289B64800E06AAE /* Base */,
			);
			name = LaunchScreen.storyboard;
			sourceTree = "<group>";
		};
/* End PBXVariantGroup section */

/* Begin XCBuildConfiguration section */
		385813DA2289B64800E06AAE /* Debug */ = {
			isa = XCBuildConfiguration;
			buildSettings = {
				ALWAYS_SEARCH_USER_PATHS = NO;
				CLANG_ANALYZER_NONNULL = YES;
				CLANG_ANALYZER_NUMBER_OBJECT_CONVERSION = YES_AGGRESSIVE;
				CLANG_CXX_LANGUAGE_STANDARD = "gnu++14";
				CLANG_CXX_LIBRARY = "libc++";
				CLANG_ENABLE_MODULES = YES;
				CLANG_ENABLE_OBJC_ARC = YES;
				CLANG_ENABLE_OBJC_WEAK = YES;
				CLANG_WARN_BLOCK_CAPTURE_AUTORELEASING = YES;
				CLANG_WARN_BOOL_CONVERSION = YES;
				CLANG_WARN_COMMA = YES;
				CLANG_WARN_CONSTANT_CONVERSION = YES;
				CLANG_WARN_DEPRECATED_OBJC_IMPLEMENTATIONS = YES;
				CLANG_WARN_DIRECT_OBJC_ISA_USAGE = YES_ERROR;
				CLANG_WARN_DOCUMENTATION_COMMENTS = YES;
				CLANG_WARN_EMPTY_BODY = YES;
				CLANG_WARN_ENUM_CONVERSION = YES;
				CLANG_WARN_INFINITE_RECURSION = YES;
				CLANG_WARN_INT_CONVERSION = YES;
				CLANG_WARN_NON_LITERAL_NULL_CONVERSION = YES;
				CLANG_WARN_OBJC_IMPLICIT_RETAIN_SELF = YES;
				CLANG_WARN_OBJC_LITERAL_CONVERSION = YES;
				CLANG_WARN_OBJC_ROOT_CLASS = YES_ERROR;
				CLANG_WARN_RANGE_LOOP_ANALYSIS = YES;
				CLANG_WARN_STRICT_PROTOTYPES = YES;
				CLANG_WARN_SUSPICIOUS_MOVE = YES;
				CLANG_WARN_UNGUARDED_AVAILABILITY = YES_AGGRESSIVE;
				CLANG_WARN_UNREACHABLE_CODE = YES;
				CLANG_WARN__DUPLICATE_METHOD_MATCH = YES;
				CODE_SIGN_IDENTITY = "iPhone Developer";
				COPY_PHASE_STRIP = NO;
				DEBUG_INFORMATION_FORMAT = dwarf;
				ENABLE_STRICT_OBJC_MSGSEND = YES;
				ENABLE_TESTABILITY = YES;
				GCC_C_LANGUAGE_STANDARD = gnu11;
				GCC_DYNAMIC_NO_PIC = NO;
				GCC_NO_COMMON_BLOCKS = YES;
				GCC_OPTIMIZATION_LEVEL = 0;
				GCC_PREPROCESSOR_DEFINITIONS = (
					"DEBUG=1",
					"$(inherited)",
				);
				GCC_WARN_64_TO_32_BIT_CONVERSION = YES;
				GCC_WARN_ABOUT_RETURN_TYPE = YES_ERROR;
				GCC_WARN_UNDECLARED_SELECTOR = YES;
				GCC_WARN_UNINITIALIZED_AUTOS = YES_AGGRESSIVE;
				GCC_WARN_UNUSED_FUNCTION = YES;
				GCC_WARN_UNUSED_VARIABLE = YES;
				IPHONEOS_DEPLOYMENT_TARGET = 11.3;
				MTL_ENABLE_DEBUG_INFO = YES;
				ONLY_ACTIVE_ARCH = YES;
				SDKROOT = iphoneos;
				SWIFT_ACTIVE_COMPILATION_CONDITIONS = DEBUG;
				SWIFT_OPTIMIZATION_LEVEL = "-Onone";
			};
			name = Debug;
		};
		385813DB2289B64800E06AAE /* Release */ = {
			isa = XCBuildConfiguration;
			buildSettings = {
				ALWAYS_SEARCH_USER_PATHS = NO;
				CLANG_ANALYZER_NONNULL = YES;
				CLANG_ANALYZER_NUMBER_OBJECT_CONVERSION = YES_AGGRESSIVE;
				CLANG_CXX_LANGUAGE_STANDARD = "gnu++14";
				CLANG_CXX_LIBRARY = "libc++";
				CLANG_ENABLE_MODULES = YES;
				CLANG_ENABLE_OBJC_ARC = YES;
				CLANG_ENABLE_OBJC_WEAK = YES;
				CLANG_WARN_BLOCK_CAPTURE_AUTORELEASING = YES;
				CLANG_WARN_BOOL_CONVERSION = YES;
				CLANG_WARN_COMMA = YES;
				CLANG_WARN_CONSTANT_CONVERSION = YES;
				CLANG_WARN_DEPRECATED_OBJC_IMPLEMENTATIONS = YES;
				CLANG_WARN_DIRECT_OBJC_ISA_USAGE = YES_ERROR;
				CLANG_WARN_DOCUMENTATION_COMMENTS = YES;
				CLANG_WARN_EMPTY_BODY = YES;
				CLANG_WARN_ENUM_CONVERSION = YES;
				CLANG_WARN_INFINITE_RECURSION = YES;
				CLANG_WARN_INT_CONVERSION = YES;
				CLANG_WARN_NON_LITERAL_NULL_CONVERSION = YES;
				CLANG_WARN_OBJC_IMPLICIT_RETAIN_SELF = YES;
				CLANG_WARN_OBJC_LITERAL_CONVERSION = YES;
				CLANG_WARN_OBJC_ROOT_CLASS = YES_ERROR;
				CLANG_WARN_RANGE_LOOP_ANALYSIS = YES;
				CLANG_WARN_STRICT_PROTOTYPES = YES;
				CLANG_WARN_SUSPICIOUS_MOVE = YES;
				CLANG_WARN_UNGUARDED_AVAILABILITY = YES_AGGRESSIVE;
				CLANG_WARN_UNREACHABLE_CODE = YES;
				CLANG_WARN__DUPLICATE_METHOD_MATCH = YES;
				CODE_SIGN_IDENTITY = "iPhone Developer";
				COPY_PHASE_STRIP = NO;
				DEBUG_INFORMATION_FORMAT = "dwarf-with-dsym";
				ENABLE_NS_ASSERTIONS = NO;
				ENABLE_STRICT_OBJC_MSGSEND = YES;
				GCC_C_LANGUAGE_STANDARD = gnu11;
				GCC_NO_COMMON_BLOCKS = YES;
				GCC_WARN_64_TO_32_BIT_CONVERSION = YES;
				GCC_WARN_ABOUT_RETURN_TYPE = YES_ERROR;
				GCC_WARN_UNDECLARED_SELECTOR = YES;
				GCC_WARN_UNINITIALIZED_AUTOS = YES_AGGRESSIVE;
				GCC_WARN_UNUSED_FUNCTION = YES;
				GCC_WARN_UNUSED_VARIABLE = YES;
				IPHONEOS_DEPLOYMENT_TARGET = 11.3;
				MTL_ENABLE_DEBUG_INFO = NO;
				SDKROOT = iphoneos;
				SWIFT_COMPILATION_MODE = wholemodule;
				SWIFT_OPTIMIZATION_LEVEL = "-O";
				VALIDATE_PRODUCT = YES;
			};
			name = Release;
		};
		385813DD2289B64800E06AAE /* Debug */ = {
			isa = XCBuildConfiguration;
			baseConfigurationReference = 923DB951881AA3F36F202F7B /* Pods-MyMovies.debug.xcconfig */;
			buildSettings = {
				ASSETCATALOG_COMPILER_APPICON_NAME = AppIcon;
				CODE_SIGN_STYLE = Automatic;
				INFOPLIST_FILE = MyMovies/Info.plist;
				LD_RUNPATH_SEARCH_PATHS = (
					"$(inherited)",
					"@executable_path/Frameworks",
				);
				PRODUCT_BUNDLE_IDENTIFIER = com.iti.MyMovies;
				PRODUCT_NAME = "$(TARGET_NAME)";
				SWIFT_VERSION = 4.0;
				TARGETED_DEVICE_FAMILY = "1,2";
			};
			name = Debug;
		};
		385813DE2289B64800E06AAE /* Release */ = {
			isa = XCBuildConfiguration;
			baseConfigurationReference = EC0051132E487DDCCF63CB50 /* Pods-MyMovies.release.xcconfig */;
			buildSettings = {
				ASSETCATALOG_COMPILER_APPICON_NAME = AppIcon;
				CODE_SIGN_STYLE = Automatic;
				INFOPLIST_FILE = MyMovies/Info.plist;
				LD_RUNPATH_SEARCH_PATHS = (
					"$(inherited)",
					"@executable_path/Frameworks",
				);
				PRODUCT_BUNDLE_IDENTIFIER = com.iti.MyMovies;
				PRODUCT_NAME = "$(TARGET_NAME)";
				SWIFT_VERSION = 4.0;
				TARGETED_DEVICE_FAMILY = "1,2";
			};
			name = Release;
		};
/* End XCBuildConfiguration section */

/* Begin XCConfigurationList section */
		385813C22289B63700E06AAE /* Build configuration list for PBXProject "MyMovies" */ = {
			isa = XCConfigurationList;
			buildConfigurations = (
				385813DA2289B64800E06AAE /* Debug */,
				385813DB2289B64800E06AAE /* Release */,
			);
			defaultConfigurationIsVisible = 0;
			defaultConfigurationName = Release;
		};
		385813DC2289B64800E06AAE /* Build configuration list for PBXNativeTarget "MyMovies" */ = {
			isa = XCConfigurationList;
			buildConfigurations = (
				385813DD2289B64800E06AAE /* Debug */,
				385813DE2289B64800E06AAE /* Release */,
			);
			defaultConfigurationIsVisible = 0;
			defaultConfigurationName = Release;
		};
/* End XCConfigurationList section */

/* Begin XCVersionGroup section */
		385813D12289B63800E06AAE /* MyMovies.xcdatamodeld */ = {
			isa = XCVersionGroup;
			children = (
				385813D22289B63800E06AAE /* MyMovies.xcdatamodel */,
			);
			currentVersion = 385813D22289B63800E06AAE /* MyMovies.xcdatamodel */;
			path = MyMovies.xcdatamodeld;
			sourceTree = "<group>";
			versionGroupType = wrapper.xcdatamodel;
		};
/* End XCVersionGroup section */
	};
	rootObject = 385813BF2289B63700E06AAE /* Project object */;
}
